
Microsoft Visual Studio Solution File, Format Version 10.00
# Visual Studio 2008
Project("{8BC9CEB8-8B4A-11D0-8D11-00A0C91BC942}") = "ComTest", "ComTest\ComTest.vcproj", "{21441695-C170-456D-911C-F8316B4B8309}"
EndProject
Project("{8BC9CEB8-8B4A-11D0-8D11-00A0C91BC942}") = "ComTestPS", "ComTest\ComTestPS.vcproj", "{3784113E-A0A5-41F7-8813-16CF054E45D5}"
	ProjectSection(ProjectDependencies) = postProject
		{21441695-C170-456D-911C-F8316B4B8309} = {21441695-C170-456D-911C-F8316B4B8309}
	EndProjectSection
EndProject
Global
	GlobalSection(SolutionConfigurationPlatforms) = preSolution
		Debug|Win32 = Debug|Win32
		Release|Win32 = Release|Win32
	EndGlobalSection
	GlobalSection(ProjectConfigurationPlatforms) = postSolution
		{21441695-C170-456D-911C-F8316B4B8309}.Debug|Win32.ActiveCfg = Debug|Win32
		{21441695-C170-456D-911C-F8316B4B8309}.Debug|Win32.Build.0 = Debug|Win32
		{21441695-C170-456D-911C-F8316B4B8309}.Release|Win32.ActiveCfg = Release|Win32
		{21441695-C170-456D-911C-F8316B4B8309}.Release|Win32.Build.0 = Release|Win32
		{3784113E-A0A5-41F7-8813-16CF054E45D5}.Debug|Win32.ActiveCfg = Debug|Win32
		{3784113E-A0A5-41F7-8813-16CF054E45D5}.Release|Win32.ActiveCfg = Release|Win32
	EndGlobalSection
	GlobalSection(SolutionProperties) = preSolution
		HideSolutionNode = FALSE
	EndGlobalSection
EndGlobal
